
Microsoft Visual Studio Solution File, Format Version 12.00
# Visual Studio Version 16
VisualStudioVersion = 16.0.30907.101
MinimumVisualStudioVersion = 10.0.40219.1
Project("{FAE04EC0-301F-11D3-BF4B-00C04F79EFBC}") = "InfoStud2", "InfoStud2\InfoStud2.csproj", "{3026F813-26E4-46F8-8128-316EEC6E9A0C}"
EndProject
Global
	GlobalSection(SolutionConfigurationPlatforms) = preSolution
		Debug|Any CPU = Debug|Any CPU
		Release|Any CPU = Release|Any CPU
	EndGlobalSection
	GlobalSection(ProjectConfigurationPlatforms) = postSolution
		{3026F813-26E4-46F8-8128-316EEC6E9A0C}.Debug|Any CPU.ActiveCfg = Debug|Any CPU
		{3026F813-26E4-46F8-8128-316EEC6E9A0C}.Debug|Any CPU.Build.0 = Debug|Any CPU
		{3026F813-26E4-46F8-8128-316EEC6E9A0C}.Release|Any CPU.ActiveCfg = Release|Any CPU
		{3026F813-26E4-46F8-8128-316EEC6E9A0C}.Release|Any CPU.Build.0 = Release|Any CPU
	EndGlobalSection
	GlobalSection(SolutionProperties) = preSolution
		HideSolutionNode = FALSE
	EndGlobalSection
	GlobalSection(ExtensibilityGlobals) = postSolution
		SolutionGuid = {6AD3C226-EA54-40D1-AC37-C3A0CEE4FF0A}
	EndGlobalSection
EndGlobal
